
Microsoft Visual Studio Solution File, Format Version 12.00
# Visual Studio Version 16
VisualStudioVersion = 16.0.31402.337
MinimumVisualStudioVersion = 10.0.40219.1
Project("{FAE04EC0-301F-11D3-BF4B-00C04F79EFBC}") = "RoundTable", "RoundTable\RoundTable.csproj", "{402AF09D-F38C-4A07-BC8C-678EC5EEAA24}"
EndProject
Global
	GlobalSection(SolutionConfigurationPlatforms) = preSolution
		Debug|Any CPU = Debug|Any CPU
		Release|Any CPU = Release|Any CPU
	EndGlobalSection
	GlobalSection(ProjectConfigurationPlatforms) = postSolution
		{402AF09D-F38C-4A07-BC8C-678EC5EEAA24}.Debug|Any CPU.ActiveCfg = Debug|Any CPU
		{402AF09D-F38C-4A07-BC8C-678EC5EEAA24}.Debug|Any CPU.Build.0 = Debug|Any CPU
		{402AF09D-F38C-4A07-BC8C-678EC5EEAA24}.Release|Any CPU.ActiveCfg = Release|Any CPU
		{402AF09D-F38C-4A07-BC8C-678EC5EEAA24}.Release|Any CPU.Build.0 = Release|Any CPU
	EndGlobalSection
	GlobalSection(SolutionProperties) = preSolution
		HideSolutionNode = FALSE
	EndGlobalSection
	GlobalSection(ExtensibilityGlobals) = postSolution
		SolutionGuid = {AA49D896-272C-41C5-BBCC-294001B18E49}
	EndGlobalSection
EndGlobal
